// !$*UTF8*$!
{
	archiveVersion = 1;
	classes = {
	};
	objectVersion = 50;
	objects = {

/* Begin PBXBuildFile section */
		7129357222953C4700FD518F /* AppDelegate.swift in Sources */ = {isa = PBXBuildFile; fileRef = 7129357122953C4700FD518F /* AppDelegate.swift */; };
		7129357422953C4700FD518F /* ViewController.swift in Sources */ = {isa = PBXBuildFile; fileRef = 7129357322953C4700FD518F /* ViewController.swift */; };
		7129357722953C4700FD518F /* Main.storyboard in Resources */ = {isa = PBXBuildFile; fileRef = 7129357522953C4700FD518F /* Main.storyboard */; };
		7129357922953C4900FD518F /* Assets.xcassets in Resources */ = {isa = PBXBuildFile; fileRef = 7129357822953C4900FD518F /* Assets.xcassets */; };
		7129357C22953C4900FD518F /* LaunchScreen.storyboard in Resources */ = {isa = PBXBuildFile; fileRef = 7129357A22953C4900FD518F /* LaunchScreen.storyboard */; };
		7129358522953D6500FD518F /* WebKit.framework in Frameworks */ = {isa = PBXBuildFile; fileRef = 7129358422953D6500FD518F /* WebKit.framework */; };
		712935872295400E00FD518F /* Article.swift in Sources */ = {isa = PBXBuildFile; fileRef = 712935862295400E00FD518F /* Article.swift */; };
		71293589229541AF00FD518F /* String+Error.swift in Sources */ = {isa = PBXBuildFile; fileRef = 71293588229541AF00FD518F /* String+Error.swift */; };
		7129358B2295433300FD518F /* WebpageParser.swift in Sources */ = {isa = PBXBuildFile; fileRef = 7129358A2295433300FD518F /* WebpageParser.swift */; };
/* End PBXBuildFile section */

/* Begin PBXFileReference section */
		7129356E22953C4700FD518F /* WebpageScraper.app */ = {isa = PBXFileReference; explicitFileType = wrapper.application; includeInIndex = 0; path = WebpageScraper.app; sourceTree = BUILT_PRODUCTS_DIR; };
		7129357122953C4700FD518F /* AppDelegate.swift */ = {isa = PBXFileReference; lastKnownFileType = sourcecode.swift; path = AppDelegate.swift; sourceTree = "<group>"; };
		7129357322953C4700FD518F /* ViewController.swift */ = {isa = PBXFileReference; lastKnownFileType = sourcecode.swift; path = ViewController.swift; sourceTree = "<group>"; };
		7129357622953C4700FD518F /* Base */ = {isa = PBXFileReference; lastKnownFileType = file.storyboard; name = Base; path = Base.lproj/Main.storyboard; sourceTree = "<group>"; };
		7129357822953C4900FD518F /* Assets.xcassets */ = {isa = PBXFileReference; lastKnownFileType = folder.assetcatalog; path = Assets.xcassets; sourceTree = "<group>"; };
		7129357B22953C4900FD518F /* Base */ = {isa = PBXFileReference; lastKnownFileType = file.storyboard; name = Base; path = Base.lproj/LaunchScreen.storyboard; sourceTree = "<group>"; };
		7129357D22953C4900FD518F /* Info.plist */ = {isa = PBXFileReference; lastKnownFileType = text.plist.xml; path = Info.plist; sourceTree = "<group>"; };
		7129358422953D6500FD518F /* WebKit.framework */ = {isa = PBXFileReference; lastKnownFileType = wrapper.framework; name = WebKit.framework; path = System/Library/Frameworks/WebKit.framework; sourceTree = SDKROOT; };
		712935862295400E00FD518F /* Article.swift */ = {isa = PBXFileReference; lastKnownFileType = sourcecode.swift; path = Article.swift; sourceTree = "<group>"; };
		71293588229541AF00FD518F /* String+Error.swift */ = {isa = PBXFileReference; lastKnownFileType = sourcecode.swift; path = "String+Error.swift"; sourceTree = "<group>"; };
		7129358A2295433300FD518F /* WebpageParser.swift */ = {isa = PBXFileReference; lastKnownFileType = sourcecode.swift; path = WebpageParser.swift; sourceTree = "<group>"; };
/* End PBXFileReference section */

/* Begin PBXFrameworksBuildPhase section */
		7129356B22953C4700FD518F /* Frameworks */ = {
			isa = PBXFrameworksBuildPhase;
			buildActionMask = 2147483647;
			files = (
				7129358522953D6500FD518F /* WebKit.framework in Frameworks */,
			);
			runOnlyForDeploymentPostprocessing = 0;
		};
/* End PBXFrameworksBuildPhase section */

/* Begin PBXGroup section */
		7129356522953C4700FD518F = {
			isa = PBXGroup;
			children = (
				7129357022953C4700FD518F /* WebpageScraper */,
				7129356F22953C4700FD518F /* Products */,
				7129358322953D6500FD518F /* Frameworks */,
			);
			sourceTree = "<group>";
		};
		7129356F22953C4700FD518F /* Products */ = {
			isa = PBXGroup;
			children = (
				7129356E22953C4700FD518F /* WebpageScraper.app */,
			);
			name = Products;
			sourceTree = "<group>";
		};
		7129357022953C4700FD518F /* WebpageScraper */ = {
			isa = PBXGroup;
			children = (
				7129357122953C4700FD518F /* AppDelegate.swift */,
				7129357322953C4700FD518F /* ViewController.swift */,
				7129358A2295433300FD518F /* WebpageParser.swift */,
				712935862295400E00FD518F /* Article.swift */,
				71293588229541AF00FD518F /* String+Error.swift */,
				7129357522953C4700FD518F /* Main.storyboard */,
				7129357822953C4900FD518F /* Assets.xcassets */,
				7129357A22953C4900FD518F /* LaunchScreen.storyboard */,
				7129357D22953C4900FD518F /* Info.plist */,
			);
			path = WebpageScraper;
			sourceTree = "<group>";
		};
		7129358322953D6500FD518F /* Frameworks */ = {
			isa = PBXGroup;
			children = (
				7129358422953D6500FD518F /* WebKit.framework */,
			);
			name = Frameworks;
			sourceTree = "<group>";
		};
/* End PBXGroup section */

/* Begin PBXNativeTarget section */
		7129356D22953C4700FD518F /* WebpageScraper */ = {
			isa = PBXNativeTarget;
			buildConfigurationList = 7129358022953C4900FD518F /* Build configuration list for PBXNativeTarget "WebpageScraper" */;
			buildPhases = (
				7129356A22953C4700FD518F /* Sources */,
				7129356B22953C4700FD518F /* Frameworks */,
				7129356C22953C4700FD518F /* Resources */,
			);
			buildRules = (
			);
			dependencies = (
			);
			name = WebpageScraper;
			productName = WebpageScraper;
			productReference = 7129356E22953C4700FD518F /* WebpageScraper.app */;
			productType = "com.apple.product-type.application";
		};
/* End PBXNativeTarget section */

/* Begin PBXProject section */
		7129356622953C4700FD518F /* Project object */ = {
			isa = PBXProject;
			attributes = {
				LastSwiftUpdateCheck = 1020;
				LastUpgradeCheck = 1020;
				ORGANIZATIONNAME = narrativesaw;
				TargetAttributes = {
					7129356D22953C4700FD518F = {
						CreatedOnToolsVersion = 10.2.1;
					};
				};
			};
			buildConfigurationList = 7129356922953C4700FD518F /* Build configuration list for PBXProject "WebpageScraper" */;
			compatibilityVersion = "Xcode 9.3";
			developmentRegion = en;
			hasScannedForEncodings = 0;
			knownRegions = (
				en,
				Base,
			);
			mainGroup = 7129356522953C4700FD518F;
			productRefGroup = 7129356F22953C4700FD518F /* Products */;
			projectDirPath = "";
			projectRoot = "";
			targets = (
				7129356D22953C4700FD518F /* WebpageScraper */,
			);
		};
/* End PBXProject section */

/* Begin PBXResourcesBuildPhase section */
		7129356C22953C4700FD518F /* Resources */ = {
			isa = PBXResourcesBuildPhase;
			buildActionMask = 2147483647;
			files = (
				7129357C22953C4900FD518F /* LaunchScreen.storyboard in Resources */,
				7129357922953C4900FD518F /* Assets.xcassets in Resources */,
				7129357722953C4700FD518F /* Main.storyboard in Resources */,
			);
			runOnlyForDeploymentPostprocessing = 0;
		};
/* End PBXResourcesBuildPhase section */

/* Begin PBXSourcesBuildPhase section */
		7129356A22953C4700FD518F /* Sources */ = {
			isa = PBXSourcesBuildPhase;
			buildActionMask = 2147483647;
			files = (
				7129357422953C4700FD518F /* ViewController.swift in Sources */,
				71293589229541AF00FD518F /* String+Error.swift in Sources */,
				7129357222953C4700FD518F /* AppDelegate.swift in Sources */,
				712935872295400E00FD518F /* Article.swift in Sources */,
				7129358B2295433300FD518F /* WebpageParser.swift in Sources */,
			);
			runOnlyForDeploymentPostprocessing = 0;
		};
/* End PBXSourcesBuildPhase section */

/* Begin PBXVariantGroup section */
		7129357522953C4700FD518F /* Main.storyboard */ = {
			isa = PBXVariantGroup;
			children = (
				7129357622953C4700FD518F /* Base */,
			);
			name = Main.storyboard;
			sourceTree = "<group>";
		};
		7129357A22953C4900FD518F /* LaunchScreen.storyboard */ = {
			isa = PBXVariantGroup;
			children = (
				7129357B22953C4900FD518F /* Base */,
			);
			name = LaunchScreen.storyboard;
			sourceTree = "<group>";
		};
/* End PBXVariantGroup section */

/* Begin XCBuildConfiguration section */
		7129357E22953C4900FD518F /* Debug */ = {
			isa = XCBuildConfiguration;
			buildSettings = {
				ALWAYS_SEARCH_USER_PATHS = NO;
				CLANG_ANALYZER_NONNULL = YES;
				CLANG_ANALYZER_NUMBER_OBJECT_CONVERSION = YES_AGGRESSIVE;
				CLANG_CXX_LANGUAGE_STANDARD = "gnu++14";
				CLANG_CXX_LIBRARY = "libc++";
				CLANG_ENABLE_MODULES = YES;
				CLANG_ENABLE_OBJC_ARC = YES;
				CLANG_ENABLE_OBJC_WEAK = YES;
				CLANG_WARN_BLOCK_CAPTURE_AUTORELEASING = YES;
				CLANG_WARN_BOOL_CONVERSION = YES;
				CLANG_WARN_COMMA = YES;
				CLANG_WARN_CONSTANT_CONVERSION = YES;
				CLANG_WARN_DEPRECATED_OBJC_IMPLEMENTATIONS = YES;
				CLANG_WARN_DIRECT_OBJC_ISA_USAGE = YES_ERROR;
				CLANG_WARN_DOCUMENTATION_COMMENTS = YES;
				CLANG_WARN_EMPTY_BODY = YES;
				CLANG_WARN_ENUM_CONVERSION = YES;
				CLANG_WARN_INFINITE_RECURSION = YES;
				CLANG_WARN_INT_CONVERSION = YES;
				CLANG_WARN_NON_LITERAL_NULL_CONVERSION = YES;
				CLANG_WARN_OBJC_IMPLICIT_RETAIN_SELF = YES;
				CLANG_WARN_OBJC_LITERAL_CONVERSION = YES;
				CLANG_WARN_OBJC_ROOT_CLASS = YES_ERROR;
				CLANG_WARN_RANGE_LOOP_ANALYSIS = YES;
				CLANG_WARN_STRICT_PROTOTYPES = YES;
				CLANG_WARN_SUSPICIOUS_MOVE = YES;
				CLANG_WARN_UNGUARDED_AVAILABILITY = YES_AGGRESSIVE;
				CLANG_WARN_UNREACHABLE_CODE = YES;
				CLANG_WARN__DUPLICATE_METHOD_MATCH = YES;
				CODE_SIGN_IDENTITY = "iPhone Developer";
				COPY_PHASE_STRIP = NO;
				DEBUG_INFORMATION_FORMAT = dwarf;
				ENABLE_STRICT_OBJC_MSGSEND = YES;
				ENABLE_TESTABILITY = YES;
				GCC_C_LANGUAGE_STANDARD = gnu11;
				GCC_DYNAMIC_NO_PIC = NO;
				GCC_NO_COMMON_BLOCKS = YES;
				GCC_OPTIMIZATION_LEVEL = 0;
				GCC_PREPROCESSOR_DEFINITIONS = (
					"DEBUG=1",
					"$(inherited)",
				);
				GCC_WARN_64_TO_32_BIT_CONVERSION = YES;
				GCC_WARN_ABOUT_RETURN_TYPE = YES_ERROR;
				GCC_WARN_UNDECLARED_SELECTOR = YES;
				GCC_WARN_UNINITIALIZED_AUTOS = YES_AGGRESSIVE;
				GCC_WARN_UNUSED_FUNCTION = YES;
				GCC_WARN_UNUSED_VARIABLE = YES;
				IPHONEOS_DEPLOYMENT_TARGET = 12.2;
				MTL_ENABLE_DEBUG_INFO = INCLUDE_SOURCE;
				MTL_FAST_MATH = YES;
				ONLY_ACTIVE_ARCH = YES;
				SDKROOT = iphoneos;
				SWIFT_ACTIVE_COMPILATION_CONDITIONS = DEBUG;
				SWIFT_OPTIMIZATION_LEVEL = "-Onone";
			};
			name = Debug;
		};
		7129357F22953C4900FD518F /* Release */ = {
			isa = XCBuildConfiguration;
			buildSettings = {
				ALWAYS_SEARCH_USER_PATHS = NO;
				CLANG_ANALYZER_NONNULL = YES;
				CLANG_ANALYZER_NUMBER_OBJECT_CONVERSION = YES_AGGRESSIVE;
				CLANG_CXX_LANGUAGE_STANDARD = "gnu++14";
				CLANG_CXX_LIBRARY = "libc++";
				CLANG_ENABLE_MODULES = YES;
				CLANG_ENABLE_OBJC_ARC = YES;
				CLANG_ENABLE_OBJC_WEAK = YES;
				CLANG_WARN_BLOCK_CAPTURE_AUTORELEASING = YES;
				CLANG_WARN_BOOL_CONVERSION = YES;
				CLANG_WARN_COMMA = YES;
				CLANG_WARN_CONSTANT_CONVERSION = YES;
				CLANG_WARN_DEPRECATED_OBJC_IMPLEMENTATIONS = YES;
				CLANG_WARN_DIRECT_OBJC_ISA_USAGE = YES_ERROR;
				CLANG_WARN_DOCUMENTATION_COMMENTS = YES;
				CLANG_WARN_EMPTY_BODY = YES;
				CLANG_WARN_ENUM_CONVERSION = YES;
				CLANG_WARN_INFINITE_RECURSION = YES;
				CLANG_WARN_INT_CONVERSION = YES;
				CLANG_WARN_NON_LITERAL_NULL_CONVERSION = YES;
				CLANG_WARN_OBJC_IMPLICIT_RETAIN_SELF = YES;
				CLANG_WARN_OBJC_LITERAL_CONVERSION = YES;
				CLANG_WARN_OBJC_ROOT_CLASS = YES_ERROR;
				CLANG_WARN_RANGE_LOOP_ANALYSIS = YES;
				CLANG_WARN_STRICT_PROTOTYPES = YES;
				CLANG_WARN_SUSPICIOUS_MOVE = YES;
				CLANG_WARN_UNGUARDED_AVAILABILITY = YES_AGGRESSIVE;
				CLANG_WARN_UNREACHABLE_CODE = YES;
				CLANG_WARN__DUPLICATE_METHOD_MATCH = YES;
				CODE_SIGN_IDENTITY = "iPhone Developer";
				COPY_PHASE_STRIP = NO;
				DEBUG_INFORMATION_FORMAT = "dwarf-with-dsym";
				ENABLE_NS_ASSERTIONS = NO;
				ENABLE_STRICT_OBJC_MSGSEND = YES;
				GCC_C_LANGUAGE_STANDARD = gnu11;
				GCC_NO_COMMON_BLOCKS = YES;
				GCC_WARN_64_TO_32_BIT_CONVERSION = YES;
				GCC_WARN_ABOUT_RETURN_TYPE = YES_ERROR;
				GCC_WARN_UNDECLARED_SELECTOR = YES;
				GCC_WARN_UNINITIALIZED_AUTOS = YES_AGGRESSIVE;
				GCC_WARN_UNUSED_FUNCTION = YES;
				GCC_WARN_UNUSED_VARIABLE = YES;
				IPHONEOS_DEPLOYMENT_TARGET = 12.2;
				MTL_ENABLE_DEBUG_INFO = NO;
				MTL_FAST_MATH = YES;
				SDKROOT = iphoneos;
				SWIFT_COMPILATION_MODE = wholemodule;
				SWIFT_OPTIMIZATION_LEVEL = "-O";
				VALIDATE_PRODUCT = YES;
			};
			name = Release;
		};
		7129358122953C4900FD518F /* Debug */ = {
			isa = XCBuildConfiguration;
			buildSettings = {
				ASSETCATALOG_COMPILER_APPICON_NAME = AppIcon;
				CODE_SIGN_STYLE = Automatic;
				DEVELOPMENT_TEAM = "";
				INFOPLIST_FILE = WebpageScraper/Info.plist;
				LD_RUNPATH_SEARCH_PATHS = (
					"$(inherited)",
					"@executable_path/Frameworks",
				);
				PRODUCT_BUNDLE_IDENTIFIER = com.narrativesaw.WebpageScraper;
				PRODUCT_NAME = "$(TARGET_NAME)";
				SWIFT_VERSION = 5.0;
				TARGETED_DEVICE_FAMILY = "1,2";
			};
			name = Debug;
		};
		7129358222953C4900FD518F /* Release */ = {
			isa = XCBuildConfiguration;
			buildSettings = {
				ASSETCATALOG_COMPILER_APPICON_NAME = AppIcon;
				CODE_SIGN_STYLE = Automatic;
				DEVELOPMENT_TEAM = "";
				INFOPLIST_FILE = WebpageScraper/Info.plist;
				LD_RUNPATH_SEARCH_PATHS = (
					"$(inherited)",
					"@executable_path/Frameworks",
				);
				PRODUCT_BUNDLE_IDENTIFIER = com.narrativesaw.WebpageScraper;
				PRODUCT_NAME = "$(TARGET_NAME)";
				SWIFT_VERSION = 5.0;
				TARGETED_DEVICE_FAMILY = "1,2";
			};
			name = Release;
		};
/* End XCBuildConfiguration section */

/* Begin XCConfigurationList section */
		7129356922953C4700FD518F /* Build configuration list for PBXProject "WebpageScraper" */ = {
			isa = XCConfigurationList;
			buildConfigurations = (
				7129357E22953C4900FD518F /* Debug */,
				7129357F22953C4900FD518F /* Release */,
			);
			defaultConfigurationIsVisible = 0;
			defaultConfigurationName = Release;
		};
		7129358022953C4900FD518F /* Build configuration list for PBXNativeTarget "WebpageScraper" */ = {
			isa = XCConfigurationList;
			buildConfigurations = (
				7129358122953C4900FD518F /* Debug */,
				7129358222953C4900FD518F /* Release */,
			);
			defaultConfigurationIsVisible = 0;
			defaultConfigurationName = Release;
		};
/* End XCConfigurationList section */
	};
	rootObject = 7129356622953C4700FD518F /* Project object */;
}
